// !$*UTF8*$!
{
	archiveVersion = 1;
	classes = {
	};
	objectVersion = 56;
	objects = {

/* Begin PBXBuildFile section */
		F4075FFC2D436B3B005753E9 /* TokenManager.swift in Sources */ = {isa = PBXBuildFile; fileRef = F4075FFB2D436B3B005753E9 /* TokenManager.swift */; };
		F4075FFE2D436BEB005753E9 /* Endpoint.swift in Sources */ = {isa = PBXBuildFile; fileRef = F4075FFD2D436BEB005753E9 /* Endpoint.swift */; };
		F40760002D436C33005753E9 /* PersistenceManager.swift in Sources */ = {isa = PBXBuildFile; fileRef = F4075FFF2D436C33005753E9 /* PersistenceManager.swift */; };
		F40760022D436C93005753E9 /* CompanyRepository.swift in Sources */ = {isa = PBXBuildFile; fileRef = F40760012D436C93005753E9 /* CompanyRepository.swift */; };
		F40760042D436D8B005753E9 /* ViewState.swift in Sources */ = {isa = PBXBuildFile; fileRef = F40760032D436D8B005753E9 /* ViewState.swift */; };
		F40760062D436DCC005753E9 /* NetworkError.swift in Sources */ = {isa = PBXBuildFile; fileRef = F40760052D436DCC005753E9 /* NetworkError.swift */; };
		F407600B2D43727B005753E9 /* ContentView.swift in Sources */ = {isa = PBXBuildFile; fileRef = F407600A2D43727B005753E9 /* ContentView.swift */; };
		F407600E2D43C490005753E9 /* Service.swift in Sources */ = {isa = PBXBuildFile; fileRef = F407600D2D43C490005753E9 /* Service.swift */; };
		F42A19C12D4B8D4F007CEF8A /* CastsViewModel.swift in Sources */ = {isa = PBXBuildFile; fileRef = F42A19C02D4B8D4F007CEF8A /* CastsViewModel.swift */; };
		F42A19D02D4B9EC8007CEF8A /* TokenEndpoint.swift in Sources */ = {isa = PBXBuildFile; fileRef = F42A19CF2D4B9EC8007CEF8A /* TokenEndpoint.swift */; };
		F430E3CD2D49FBDC00EE0326 /* CompanyEndpoint.swift in Sources */ = {isa = PBXBuildFile; fileRef = F430E3CC2D49FBDC00EE0326 /* CompanyEndpoint.swift */; };
		F430E3DC2D4A2DCC00EE0326 /* LoginScreenView.swift in Sources */ = {isa = PBXBuildFile; fileRef = F430E3DB2D4A2DCC00EE0326 /* LoginScreenView.swift */; };
		F430E3DF2D4A3AFE00EE0326 /* LoginViewModel.swift in Sources */ = {isa = PBXBuildFile; fileRef = F430E3DE2D4A3AFE00EE0326 /* LoginViewModel.swift */; };
		F430E3E22D4A3BA900EE0326 /* LoginService.swift in Sources */ = {isa = PBXBuildFile; fileRef = F430E3E12D4A3BA900EE0326 /* LoginService.swift */; };
		F430E3E52D4A3BF500EE0326 /* LoginRepository.swift in Sources */ = {isa = PBXBuildFile; fileRef = F430E3E42D4A3BF500EE0326 /* LoginRepository.swift */; };
		F4378D022D4CB07900914288 /* TokenModel.swift in Sources */ = {isa = PBXBuildFile; fileRef = F4378D012D4CB07900914288 /* TokenModel.swift */; };
		F4378D082D4CF1EF00914288 /* AuthManager.swift in Sources */ = {isa = PBXBuildFile; fileRef = F4378D072D4CF1EF00914288 /* AuthManager.swift */; };
		F43AAE182D40CCB100E71F4E /* MVVM_Base_ArchitectureApp.swift in Sources */ = {isa = PBXBuildFile; fileRef = F43AAE172D40CCB100E71F4E /* MVVM_Base_ArchitectureApp.swift */; };
		F43AAE1C2D40CCB200E71F4E /* Assets.xcassets in Resources */ = {isa = PBXBuildFile; fileRef = F43AAE1B2D40CCB200E71F4E /* Assets.xcassets */; };
		F43AAE1F2D40CCB200E71F4E /* Preview Assets.xcassets in Resources */ = {isa = PBXBuildFile; fileRef = F43AAE1E2D40CCB200E71F4E /* Preview Assets.xcassets */; };
		F43AAE2E2D40CD9200E71F4E /* CompanyModel.swift in Sources */ = {isa = PBXBuildFile; fileRef = F43AAE2D2D40CD9200E71F4E /* CompanyModel.swift */; };
		F43AAE322D40CE4200E71F4E /* CompanyViewModel.swift in Sources */ = {isa = PBXBuildFile; fileRef = F43AAE312D40CE4200E71F4E /* CompanyViewModel.swift */; };
		F43AAE362D40CE9400E71F4E /* CompanyView.swift in Sources */ = {isa = PBXBuildFile; fileRef = F43AAE352D40CE9400E71F4E /* CompanyView.swift */; };
		F43AAE432D40D01B00E71F4E /* NetworkManager.swift in Sources */ = {isa = PBXBuildFile; fileRef = F43AAE422D40D01B00E71F4E /* NetworkManager.swift */; };
		F43AAE452D40D0FD00E71F4E /* Extension.swift in Sources */ = {isa = PBXBuildFile; fileRef = F43AAE442D40D0FD00E71F4E /* Extension.swift */; };
		F445FAC22D4B50F5007BEADE /* HTTPMethod.swift in Sources */ = {isa = PBXBuildFile; fileRef = F445FAC12D4B50F5007BEADE /* HTTPMethod.swift */; };
		F4821A972D509A7600556524 /* TokenStorage.swift in Sources */ = {isa = PBXBuildFile; fileRef = F4821A962D509A7600556524 /* TokenStorage.swift */; };
		F4821A992D50A8BD00556524 /* AuthInterceptor.swift in Sources */ = {isa = PBXBuildFile; fileRef = F4821A982D50A8BD00556524 /* AuthInterceptor.swift */; };
		F4821A9B2D50AB8500556524 /* RetryInterceptor.swift in Sources */ = {isa = PBXBuildFile; fileRef = F4821A9A2D50AB8500556524 /* RetryInterceptor.swift */; };
		F4CF1A432D4B7E3D00BF1416 /* CastsModel.swift in Sources */ = {isa = PBXBuildFile; fileRef = F4CF1A422D4B7E3D00BF1416 /* CastsModel.swift */; };
		F4CF1A492D4B7F2900BF1416 /* CastsView.swift in Sources */ = {isa = PBXBuildFile; fileRef = F4CF1A482D4B7F2900BF1416 /* CastsView.swift */; };
		F4CF1A4B2D4B821C00BF1416 /* CastsRepository.swift in Sources */ = {isa = PBXBuildFile; fileRef = F4CF1A4A2D4B821C00BF1416 /* CastsRepository.swift */; };
		F4CF1A4E2D4B852400BF1416 /* CastsEndpoint.swift in Sources */ = {isa = PBXBuildFile; fileRef = F4CF1A4D2D4B852400BF1416 /* CastsEndpoint.swift */; };
		F4CF1A502D4B8C2200BF1416 /* CastsService.swift in Sources */ = {isa = PBXBuildFile; fileRef = F4CF1A4F2D4B8C2200BF1416 /* CastsService.swift */; };
/* End PBXBuildFile section */

/* Begin PBXFileReference section */
		F4075FFB2D436B3B005753E9 /* TokenManager.swift */ = {isa = PBXFileReference; lastKnownFileType = sourcecode.swift; path = TokenManager.swift; sourceTree = "<group>"; };
		F4075FFD2D436BEB005753E9 /* Endpoint.swift */ = {isa = PBXFileReference; lastKnownFileType = sourcecode.swift; path = Endpoint.swift; sourceTree = "<group>"; };
		F4075FFF2D436C33005753E9 /* PersistenceManager.swift */ = {isa = PBXFileReference; lastKnownFileType = sourcecode.swift; path = PersistenceManager.swift; sourceTree = "<group>"; };
		F40760012D436C93005753E9 /* CompanyRepository.swift */ = {isa = PBXFileReference; lastKnownFileType = sourcecode.swift; path = CompanyRepository.swift; sourceTree = "<group>"; };
		F40760032D436D8B005753E9 /* ViewState.swift */ = {isa = PBXFileReference; lastKnownFileType = sourcecode.swift; path = ViewState.swift; sourceTree = "<group>"; };
		F40760052D436DCC005753E9 /* NetworkError.swift */ = {isa = PBXFileReference; lastKnownFileType = sourcecode.swift; path = NetworkError.swift; sourceTree = "<group>"; };
		F407600A2D43727B005753E9 /* ContentView.swift */ = {isa = PBXFileReference; lastKnownFileType = sourcecode.swift; path = ContentView.swift; sourceTree = "<group>"; };
		F407600D2D43C490005753E9 /* Service.swift */ = {isa = PBXFileReference; lastKnownFileType = sourcecode.swift; path = Service.swift; sourceTree = "<group>"; };
		F42A19C02D4B8D4F007CEF8A /* CastsViewModel.swift */ = {isa = PBXFileReference; lastKnownFileType = sourcecode.swift; path = CastsViewModel.swift; sourceTree = "<group>"; };
		F42A19CF2D4B9EC8007CEF8A /* TokenEndpoint.swift */ = {isa = PBXFileReference; fileEncoding = 4; lastKnownFileType = sourcecode.swift; path = TokenEndpoint.swift; sourceTree = "<group>"; };
		F430E3CC2D49FBDC00EE0326 /* CompanyEndpoint.swift */ = {isa = PBXFileReference; lastKnownFileType = sourcecode.swift; path = CompanyEndpoint.swift; sourceTree = "<group>"; };
		F430E3DB2D4A2DCC00EE0326 /* LoginScreenView.swift */ = {isa = PBXFileReference; lastKnownFileType = sourcecode.swift; path = LoginScreenView.swift; sourceTree = "<group>"; };
		F430E3DE2D4A3AFE00EE0326 /* LoginViewModel.swift */ = {isa = PBXFileReference; lastKnownFileType = sourcecode.swift; path = LoginViewModel.swift; sourceTree = "<group>"; };
		F430E3E12D4A3BA900EE0326 /* LoginService.swift */ = {isa = PBXFileReference; lastKnownFileType = sourcecode.swift; path = LoginService.swift; sourceTree = "<group>"; };
		F430E3E42D4A3BF500EE0326 /* LoginRepository.swift */ = {isa = PBXFileReference; lastKnownFileType = sourcecode.swift; path = LoginRepository.swift; sourceTree = "<group>"; };
		F4378D012D4CB07900914288 /* TokenModel.swift */ = {isa = PBXFileReference; lastKnownFileType = sourcecode.swift; path = TokenModel.swift; sourceTree = "<group>"; };
		F4378D072D4CF1EF00914288 /* AuthManager.swift */ = {isa = PBXFileReference; lastKnownFileType = sourcecode.swift; path = AuthManager.swift; sourceTree = "<group>"; };
		F43AAE142D40CCB100E71F4E /* MVVM-Base-Architecture.app */ = {isa = PBXFileReference; explicitFileType = wrapper.application; includeInIndex = 0; path = "MVVM-Base-Architecture.app"; sourceTree = BUILT_PRODUCTS_DIR; };
		F43AAE172D40CCB100E71F4E /* MVVM_Base_ArchitectureApp.swift */ = {isa = PBXFileReference; lastKnownFileType = sourcecode.swift; path = MVVM_Base_ArchitectureApp.swift; sourceTree = "<group>"; };
		F43AAE1B2D40CCB200E71F4E /* Assets.xcassets */ = {isa = PBXFileReference; lastKnownFileType = folder.assetcatalog; path = Assets.xcassets; sourceTree = "<group>"; };
		F43AAE1E2D40CCB200E71F4E /* Preview Assets.xcassets */ = {isa = PBXFileReference; lastKnownFileType = folder.assetcatalog; path = "Preview Assets.xcassets"; sourceTree = "<group>"; };
		F43AAE2D2D40CD9200E71F4E /* CompanyModel.swift */ = {isa = PBXFileReference; lastKnownFileType = sourcecode.swift; path = CompanyModel.swift; sourceTree = "<group>"; };
		F43AAE312D40CE4200E71F4E /* CompanyViewModel.swift */ = {isa = PBXFileReference; lastKnownFileType = sourcecode.swift; path = CompanyViewModel.swift; sourceTree = "<group>"; };
		F43AAE352D40CE9400E71F4E /* CompanyView.swift */ = {isa = PBXFileReference; lastKnownFileType = sourcecode.swift; path = CompanyView.swift; sourceTree = "<group>"; };
		F43AAE422D40D01B00E71F4E /* NetworkManager.swift */ = {isa = PBXFileReference; lastKnownFileType = sourcecode.swift; path = NetworkManager.swift; sourceTree = "<group>"; };
		F43AAE442D40D0FD00E71F4E /* Extension.swift */ = {isa = PBXFileReference; lastKnownFileType = sourcecode.swift; path = Extension.swift; sourceTree = "<group>"; };
		F445FAC12D4B50F5007BEADE /* HTTPMethod.swift */ = {isa = PBXFileReference; lastKnownFileType = sourcecode.swift; path = HTTPMethod.swift; sourceTree = "<group>"; };
		F4821A962D509A7600556524 /* TokenStorage.swift */ = {isa = PBXFileReference; lastKnownFileType = sourcecode.swift; path = TokenStorage.swift; sourceTree = "<group>"; };
		F4821A982D50A8BD00556524 /* AuthInterceptor.swift */ = {isa = PBXFileReference; lastKnownFileType = sourcecode.swift; path = AuthInterceptor.swift; sourceTree = "<group>"; };
		F4821A9A2D50AB8500556524 /* RetryInterceptor.swift */ = {isa = PBXFileReference; lastKnownFileType = sourcecode.swift; path = RetryInterceptor.swift; sourceTree = "<group>"; };
		F4CF1A422D4B7E3D00BF1416 /* CastsModel.swift */ = {isa = PBXFileReference; lastKnownFileType = sourcecode.swift; path = CastsModel.swift; sourceTree = "<group>"; };
		F4CF1A482D4B7F2900BF1416 /* CastsView.swift */ = {isa = PBXFileReference; lastKnownFileType = sourcecode.swift; path = CastsView.swift; sourceTree = "<group>"; };
		F4CF1A4A2D4B821C00BF1416 /* CastsRepository.swift */ = {isa = PBXFileReference; lastKnownFileType = sourcecode.swift; path = CastsRepository.swift; sourceTree = "<group>"; };
		F4CF1A4D2D4B852400BF1416 /* CastsEndpoint.swift */ = {isa = PBXFileReference; lastKnownFileType = sourcecode.swift; path = CastsEndpoint.swift; sourceTree = "<group>"; };
		F4CF1A4F2D4B8C2200BF1416 /* CastsService.swift */ = {isa = PBXFileReference; lastKnownFileType = sourcecode.swift; path = CastsService.swift; sourceTree = "<group>"; };
/* End PBXFileReference section */

/* Begin PBXFrameworksBuildPhase section */
		F43AAE112D40CCB100E71F4E /* Frameworks */ = {
			isa = PBXFrameworksBuildPhase;
			buildActionMask = 2147483647;
			files = (
			);
			runOnlyForDeploymentPostprocessing = 0;
		};
/* End PBXFrameworksBuildPhase section */

/* Begin PBXGroup section */
		F40760072D4370D0005753E9 /* Utility */ = {
			isa = PBXGroup;
			children = (
				F40760032D436D8B005753E9 /* ViewState.swift */,
			);
			path = Utility;
			sourceTree = "<group>";
		};
		F407600C2D43C46A005753E9 /* Service */ = {
			isa = PBXGroup;
			children = (
				F407600D2D43C490005753E9 /* Service.swift */,
			);
			path = Service;
			sourceTree = "<group>";
		};
		F430E3C42D49FA2300EE0326 /* Company */ = {
			isa = PBXGroup;
			children = (
				F43AAE252D40CCBD00E71F4E /* Model */,
				F43AAE262D40CCCB00E71F4E /* View */,
				F43AAE272D40CCD200E71F4E /* View Model */,
				F407600C2D43C46A005753E9 /* Service */,
				F43AAE2A2D40CD3700E71F4E /* Repository */,
				F430E3CB2D49FBB900EE0326 /* Company Endpoint */,
			);
			path = Company;
			sourceTree = "<group>";
		};
		F430E3CB2D49FBB900EE0326 /* Company Endpoint */ = {
			isa = PBXGroup;
			children = (
				F430E3CC2D49FBDC00EE0326 /* CompanyEndpoint.swift */,
				F42A19CF2D4B9EC8007CEF8A /* TokenEndpoint.swift */,
				F4378D012D4CB07900914288 /* TokenModel.swift */,
			);
			path = "Company Endpoint";
			sourceTree = "<group>";
		};
		F430E3D92D4A2D8D00EE0326 /* Login  */ = {
			isa = PBXGroup;
			children = (
				F430E3DA2D4A2DB900EE0326 /* View */,
				F430E3DD2D4A3AEB00EE0326 /* View Model */,
				F430E3E02D4A3B7C00EE0326 /* Service */,
				F430E3E32D4A3BC300EE0326 /* Repository */,
			);
			path = "Login ";
			sourceTree = "<group>";
		};
		F430E3DA2D4A2DB900EE0326 /* View */ = {
			isa = PBXGroup;
			children = (
				F430E3DB2D4A2DCC00EE0326 /* LoginScreenView.swift */,
			);
			path = View;
			sourceTree = "<group>";
		};
		F430E3DD2D4A3AEB00EE0326 /* View Model */ = {
			isa = PBXGroup;
			children = (
				F430E3DE2D4A3AFE00EE0326 /* LoginViewModel.swift */,
			);
			path = "View Model";
			sourceTree = "<group>";
		};
		F430E3E02D4A3B7C00EE0326 /* Service */ = {
			isa = PBXGroup;
			children = (
				F430E3E12D4A3BA900EE0326 /* LoginService.swift */,
			);
			path = Service;
			sourceTree = "<group>";
		};
		F430E3E32D4A3BC300EE0326 /* Repository */ = {
			isa = PBXGroup;
			children = (
				F430E3E42D4A3BF500EE0326 /* LoginRepository.swift */,
			);
			path = Repository;
			sourceTree = "<group>";
		};
		F430E3E92D4A4C0D00EE0326 /* Features */ = {
			isa = PBXGroup;
			children = (
				F4CF1A402D4B7E2900BF1416 /* Casts */,
				F430E3C42D49FA2300EE0326 /* Company */,
				F430E3D92D4A2D8D00EE0326 /* Login  */,
			);
			path = Features;
			sourceTree = "<group>";
		};
		F43AAE0B2D40CCB100E71F4E = {
			isa = PBXGroup;
			children = (
				F43AAE162D40CCB100E71F4E /* MVVM-Base-Architecture */,
				F43AAE152D40CCB100E71F4E /* Products */,
			);
			sourceTree = "<group>";
		};
		F43AAE152D40CCB100E71F4E /* Products */ = {
			isa = PBXGroup;
			children = (
				F43AAE142D40CCB100E71F4E /* MVVM-Base-Architecture.app */,
			);
			name = Products;
			sourceTree = "<group>";
		};
		F43AAE162D40CCB100E71F4E /* MVVM-Base-Architecture */ = {
			isa = PBXGroup;
			children = (
				F43AAE282D40CCFD00E71F4E /* Main */,
				F430E3E92D4A4C0D00EE0326 /* Features */,
				F43AAE462D40D1C200E71F4E /* API Manager */,
				F43AAE2C2D40CD5700E71F4E /* Persistence Manager */,
				F40760072D4370D0005753E9 /* Utility */,
				F43AAE3F2D40CFD200E71F4E /* Extension */,
				F43AAE1B2D40CCB200E71F4E /* Assets.xcassets */,
				F43AAE1D2D40CCB200E71F4E /* Preview Content */,
			);
			path = "MVVM-Base-Architecture";
			sourceTree = "<group>";
		};
		F43AAE1D2D40CCB200E71F4E /* Preview Content */ = {
			isa = PBXGroup;
			children = (
				F43AAE1E2D40CCB200E71F4E /* Preview Assets.xcassets */,
			);
			path = "Preview Content";
			sourceTree = "<group>";
		};
		F43AAE252D40CCBD00E71F4E /* Model */ = {
			isa = PBXGroup;
			children = (
				F43AAE2D2D40CD9200E71F4E /* CompanyModel.swift */,
			);
			path = Model;
			sourceTree = "<group>";
		};
		F43AAE262D40CCCB00E71F4E /* View */ = {
			isa = PBXGroup;
			children = (
				F43AAE352D40CE9400E71F4E /* CompanyView.swift */,
			);
			path = View;
			sourceTree = "<group>";
		};
		F43AAE272D40CCD200E71F4E /* View Model */ = {
			isa = PBXGroup;
			children = (
				F43AAE312D40CE4200E71F4E /* CompanyViewModel.swift */,
			);
			path = "View Model";
			sourceTree = "<group>";
		};
		F43AAE282D40CCFD00E71F4E /* Main */ = {
			isa = PBXGroup;
			children = (
				F43AAE172D40CCB100E71F4E /* MVVM_Base_ArchitectureApp.swift */,
				F407600A2D43727B005753E9 /* ContentView.swift */,
			);
			path = Main;
			sourceTree = "<group>";
		};
		F43AAE2A2D40CD3700E71F4E /* Repository */ = {
			isa = PBXGroup;
			children = (
				F40760012D436C93005753E9 /* CompanyRepository.swift */,
			);
			path = Repository;
			sourceTree = "<group>";
		};
		F43AAE2C2D40CD5700E71F4E /* Persistence Manager */ = {
			isa = PBXGroup;
			children = (
				F4075FFF2D436C33005753E9 /* PersistenceManager.swift */,
			);
			path = "Persistence Manager";
			sourceTree = "<group>";
		};
		F43AAE3F2D40CFD200E71F4E /* Extension */ = {
			isa = PBXGroup;
			children = (
				F43AAE442D40D0FD00E71F4E /* Extension.swift */,
			);
			path = Extension;
			sourceTree = "<group>";
		};
		F43AAE462D40D1C200E71F4E /* API Manager */ = {
			isa = PBXGroup;
			children = (
				F43AAE422D40D01B00E71F4E /* NetworkManager.swift */,
				F4821A982D50A8BD00556524 /* AuthInterceptor.swift */,
				F4821A9A2D50AB8500556524 /* RetryInterceptor.swift */,
				F4075FFB2D436B3B005753E9 /* TokenManager.swift */,
				F4821A962D509A7600556524 /* TokenStorage.swift */,
				F4378D072D4CF1EF00914288 /* AuthManager.swift */,
				F4075FFD2D436BEB005753E9 /* Endpoint.swift */,
				F445FAC12D4B50F5007BEADE /* HTTPMethod.swift */,
				F40760052D436DCC005753E9 /* NetworkError.swift */,
			);
			path = "API Manager";
			sourceTree = "<group>";
		};
		F4CF1A402D4B7E2900BF1416 /* Casts */ = {
			isa = PBXGroup;
			children = (
				F4CF1A412D4B7E3200BF1416 /* Model */,
				F4CF1A442D4B7EA800BF1416 /* View */,
				F4CF1A452D4B7EAF00BF1416 /* View Model */,
				F4CF1A462D4B7EB900BF1416 /* Service */,
				F4CF1A472D4B7EC700BF1416 /* Repository */,
				F4CF1A4C2D4B850000BF1416 /* Casts Endpoint */,
			);
			path = Casts;
			sourceTree = "<group>";
		};
		F4CF1A412D4B7E3200BF1416 /* Model */ = {
			isa = PBXGroup;
			children = (
				F4CF1A422D4B7E3D00BF1416 /* CastsModel.swift */,
			);
			path = Model;
			sourceTree = "<group>";
		};
		F4CF1A442D4B7EA800BF1416 /* View */ = {
			isa = PBXGroup;
			children = (
				F4CF1A482D4B7F2900BF1416 /* CastsView.swift */,
			);
			path = View;
			sourceTree = "<group>";
		};
		F4CF1A452D4B7EAF00BF1416 /* View Model */ = {
			isa = PBXGroup;
			children = (
				F42A19C02D4B8D4F007CEF8A /* CastsViewModel.swift */,
			);
			path = "View Model";
			sourceTree = "<group>";
		};
		F4CF1A462D4B7EB900BF1416 /* Service */ = {
			isa = PBXGroup;
			children = (
				F4CF1A4F2D4B8C2200BF1416 /* CastsService.swift */,
			);
			path = Service;
			sourceTree = "<group>";
		};
		F4CF1A472D4B7EC700BF1416 /* Repository */ = {
			isa = PBXGroup;
			children = (
				F4CF1A4A2D4B821C00BF1416 /* CastsRepository.swift */,
			);
			path = Repository;
			sourceTree = "<group>";
		};
		F4CF1A4C2D4B850000BF1416 /* Casts Endpoint */ = {
			isa = PBXGroup;
			children = (
				F4CF1A4D2D4B852400BF1416 /* CastsEndpoint.swift */,
			);
			path = "Casts Endpoint";
			sourceTree = "<group>";
		};
/* End PBXGroup section */

/* Begin PBXNativeTarget section */
		F43AAE132D40CCB100E71F4E /* MVVM-Base-Architecture */ = {
			isa = PBXNativeTarget;
			buildConfigurationList = F43AAE222D40CCB200E71F4E /* Build configuration list for PBXNativeTarget "MVVM-Base-Architecture" */;
			buildPhases = (
				F43AAE102D40CCB100E71F4E /* Sources */,
				F43AAE112D40CCB100E71F4E /* Frameworks */,
				F43AAE122D40CCB100E71F4E /* Resources */,
			);
			buildRules = (
			);
			dependencies = (
			);
			name = "MVVM-Base-Architecture";
			productName = "MVVM-Base-Architecture";
			productReference = F43AAE142D40CCB100E71F4E /* MVVM-Base-Architecture.app */;
			productType = "com.apple.product-type.application";
		};
/* End PBXNativeTarget section */

/* Begin PBXProject section */
		F43AAE0C2D40CCB100E71F4E /* Project object */ = {
			isa = PBXProject;
			attributes = {
				BuildIndependentTargetsInParallel = 1;
				LastSwiftUpdateCheck = 1530;
				LastUpgradeCheck = 1530;
				TargetAttributes = {
					F43AAE132D40CCB100E71F4E = {
						CreatedOnToolsVersion = 15.3;
					};
				};
			};
			buildConfigurationList = F43AAE0F2D40CCB100E71F4E /* Build configuration list for PBXProject "MVVM-Base-Architecture" */;
			compatibilityVersion = "Xcode 14.0";
			developmentRegion = en;
			hasScannedForEncodings = 0;
			knownRegions = (
				en,
				Base,
			);
			mainGroup = F43AAE0B2D40CCB100E71F4E;
			productRefGroup = F43AAE152D40CCB100E71F4E /* Products */;
			projectDirPath = "";
			projectRoot = "";
			targets = (
				F43AAE132D40CCB100E71F4E /* MVVM-Base-Architecture */,
			);
		};
/* End PBXProject section */

/* Begin PBXResourcesBuildPhase section */
		F43AAE122D40CCB100E71F4E /* Resources */ = {
			isa = PBXResourcesBuildPhase;
			buildActionMask = 2147483647;
			files = (
				F43AAE1F2D40CCB200E71F4E /* Preview Assets.xcassets in Resources */,
				F43AAE1C2D40CCB200E71F4E /* Assets.xcassets in Resources */,
			);
			runOnlyForDeploymentPostprocessing = 0;
		};
/* End PBXResourcesBuildPhase section */

/* Begin PBXSourcesBuildPhase section */
		F43AAE102D40CCB100E71F4E /* Sources */ = {
			isa = PBXSourcesBuildPhase;
			buildActionMask = 2147483647;
			files = (
				F430E3E52D4A3BF500EE0326 /* LoginRepository.swift in Sources */,
				F4CF1A4E2D4B852400BF1416 /* CastsEndpoint.swift in Sources */,
				F4378D022D4CB07900914288 /* TokenModel.swift in Sources */,
				F4821A972D509A7600556524 /* TokenStorage.swift in Sources */,
				F430E3DF2D4A3AFE00EE0326 /* LoginViewModel.swift in Sources */,
				F43AAE452D40D0FD00E71F4E /* Extension.swift in Sources */,
				F407600E2D43C490005753E9 /* Service.swift in Sources */,
				F407600B2D43727B005753E9 /* ContentView.swift in Sources */,
				F43AAE362D40CE9400E71F4E /* CompanyView.swift in Sources */,
				F40760042D436D8B005753E9 /* ViewState.swift in Sources */,
				F42A19D02D4B9EC8007CEF8A /* TokenEndpoint.swift in Sources */,
				F4378D082D4CF1EF00914288 /* AuthManager.swift in Sources */,
				F4CF1A4B2D4B821C00BF1416 /* CastsRepository.swift in Sources */,
				F430E3E22D4A3BA900EE0326 /* LoginService.swift in Sources */,
				F4CF1A502D4B8C2200BF1416 /* CastsService.swift in Sources */,
				F445FAC22D4B50F5007BEADE /* HTTPMethod.swift in Sources */,
				F43AAE432D40D01B00E71F4E /* NetworkManager.swift in Sources */,
				F4075FFE2D436BEB005753E9 /* Endpoint.swift in Sources */,
				F43AAE182D40CCB100E71F4E /* MVVM_Base_ArchitectureApp.swift in Sources */,
				F43AAE2E2D40CD9200E71F4E /* CompanyModel.swift in Sources */,
				F43AAE322D40CE4200E71F4E /* CompanyViewModel.swift in Sources */,
				F4075FFC2D436B3B005753E9 /* TokenManager.swift in Sources */,
				F4821A9B2D50AB8500556524 /* RetryInterceptor.swift in Sources */,
				F4CF1A492D4B7F2900BF1416 /* CastsView.swift in Sources */,
				F4CF1A432D4B7E3D00BF1416 /* CastsModel.swift in Sources */,
				F40760062D436DCC005753E9 /* NetworkError.swift in Sources */,
				F4821A992D50A8BD00556524 /* AuthInterceptor.swift in Sources */,
				F42A19C12D4B8D4F007CEF8A /* CastsViewModel.swift in Sources */,
				F430E3CD2D49FBDC00EE0326 /* CompanyEndpoint.swift in Sources */,
				F40760022D436C93005753E9 /* CompanyRepository.swift in Sources */,
				F430E3DC2D4A2DCC00EE0326 /* LoginScreenView.swift in Sources */,
				F40760002D436C33005753E9 /* PersistenceManager.swift in Sources */,
			);
			runOnlyForDeploymentPostprocessing = 0;
		};
/* End PBXSourcesBuildPhase section */

/* Begin XCBuildConfiguration section */
		F43AAE202D40CCB200E71F4E /* Debug */ = {
			isa = XCBuildConfiguration;
			buildSettings = {
				ALWAYS_SEARCH_USER_PATHS = NO;
				ASSETCATALOG_COMPILER_GENERATE_SWIFT_ASSET_SYMBOL_EXTENSIONS = YES;
				CLANG_ANALYZER_NONNULL = YES;
				CLANG_ANALYZER_NUMBER_OBJECT_CONVERSION = YES_AGGRESSIVE;
				CLANG_CXX_LANGUAGE_STANDARD = "gnu++20";
				CLANG_ENABLE_MODULES = YES;
				CLANG_ENABLE_OBJC_ARC = YES;
				CLANG_ENABLE_OBJC_WEAK = YES;
				CLANG_WARN_BLOCK_CAPTURE_AUTORELEASING = YES;
				CLANG_WARN_BOOL_CONVERSION = YES;
				CLANG_WARN_COMMA = YES;
				CLANG_WARN_CONSTANT_CONVERSION = YES;
				CLANG_WARN_DEPRECATED_OBJC_IMPLEMENTATIONS = YES;
				CLANG_WARN_DIRECT_OBJC_ISA_USAGE = YES_ERROR;
				CLANG_WARN_DOCUMENTATION_COMMENTS = YES;
				CLANG_WARN_EMPTY_BODY = YES;
				CLANG_WARN_ENUM_CONVERSION = YES;
				CLANG_WARN_INFINITE_RECURSION = YES;
				CLANG_WARN_INT_CONVERSION = YES;
				CLANG_WARN_NON_LITERAL_NULL_CONVERSION = YES;
				CLANG_WARN_OBJC_IMPLICIT_RETAIN_SELF = YES;
				CLANG_WARN_OBJC_LITERAL_CONVERSION = YES;
				CLANG_WARN_OBJC_ROOT_CLASS = YES_ERROR;
				CLANG_WARN_QUOTED_INCLUDE_IN_FRAMEWORK_HEADER = YES;
				CLANG_WARN_RANGE_LOOP_ANALYSIS = YES;
				CLANG_WARN_STRICT_PROTOTYPES = YES;
				CLANG_WARN_SUSPICIOUS_MOVE = YES;
				CLANG_WARN_UNGUARDED_AVAILABILITY = YES_AGGRESSIVE;
				CLANG_WARN_UNREACHABLE_CODE = YES;
				CLANG_WARN__DUPLICATE_METHOD_MATCH = YES;
				COPY_PHASE_STRIP = NO;
				DEBUG_INFORMATION_FORMAT = dwarf;
				ENABLE_STRICT_OBJC_MSGSEND = YES;
				ENABLE_TESTABILITY = YES;
				ENABLE_USER_SCRIPT_SANDBOXING = YES;
				GCC_C_LANGUAGE_STANDARD = gnu17;
				GCC_DYNAMIC_NO_PIC = NO;
				GCC_NO_COMMON_BLOCKS = YES;
				GCC_OPTIMIZATION_LEVEL = 0;
				GCC_PREPROCESSOR_DEFINITIONS = (
					"DEBUG=1",
					"$(inherited)",
				);
				GCC_WARN_64_TO_32_BIT_CONVERSION = YES;
				GCC_WARN_ABOUT_RETURN_TYPE = YES_ERROR;
				GCC_WARN_UNDECLARED_SELECTOR = YES;
				GCC_WARN_UNINITIALIZED_AUTOS = YES_AGGRESSIVE;
				GCC_WARN_UNUSED_FUNCTION = YES;
				GCC_WARN_UNUSED_VARIABLE = YES;
				IPHONEOS_DEPLOYMENT_TARGET = 16;
				LOCALIZATION_PREFERS_STRING_CATALOGS = YES;
				MTL_ENABLE_DEBUG_INFO = INCLUDE_SOURCE;
				MTL_FAST_MATH = YES;
				ONLY_ACTIVE_ARCH = YES;
				SDKROOT = iphoneos;
				SWIFT_ACTIVE_COMPILATION_CONDITIONS = "DEBUG $(inherited)";
				SWIFT_OPTIMIZATION_LEVEL = "-Onone";
			};
			name = Debug;
		};
		F43AAE212D40CCB200E71F4E /* Release */ = {
			isa = XCBuildConfiguration;
			buildSettings = {
				ALWAYS_SEARCH_USER_PATHS = NO;
				ASSETCATALOG_COMPILER_GENERATE_SWIFT_ASSET_SYMBOL_EXTENSIONS = YES;
				CLANG_ANALYZER_NONNULL = YES;
				CLANG_ANALYZER_NUMBER_OBJECT_CONVERSION = YES_AGGRESSIVE;
				CLANG_CXX_LANGUAGE_STANDARD = "gnu++20";
				CLANG_ENABLE_MODULES = YES;
				CLANG_ENABLE_OBJC_ARC = YES;
				CLANG_ENABLE_OBJC_WEAK = YES;
				CLANG_WARN_BLOCK_CAPTURE_AUTORELEASING = YES;
				CLANG_WARN_BOOL_CONVERSION = YES;
				CLANG_WARN_COMMA = YES;
				CLANG_WARN_CONSTANT_CONVERSION = YES;
				CLANG_WARN_DEPRECATED_OBJC_IMPLEMENTATIONS = YES;
				CLANG_WARN_DIRECT_OBJC_ISA_USAGE = YES_ERROR;
				CLANG_WARN_DOCUMENTATION_COMMENTS = YES;
				CLANG_WARN_EMPTY_BODY = YES;
				CLANG_WARN_ENUM_CONVERSION = YES;
				CLANG_WARN_INFINITE_RECURSION = YES;
				CLANG_WARN_INT_CONVERSION = YES;
				CLANG_WARN_NON_LITERAL_NULL_CONVERSION = YES;
				CLANG_WARN_OBJC_IMPLICIT_RETAIN_SELF = YES;
				CLANG_WARN_OBJC_LITERAL_CONVERSION = YES;
				CLANG_WARN_OBJC_ROOT_CLASS = YES_ERROR;
				CLANG_WARN_QUOTED_INCLUDE_IN_FRAMEWORK_HEADER = YES;
				CLANG_WARN_RANGE_LOOP_ANALYSIS = YES;
				CLANG_WARN_STRICT_PROTOTYPES = YES;
				CLANG_WARN_SUSPICIOUS_MOVE = YES;
				CLANG_WARN_UNGUARDED_AVAILABILITY = YES_AGGRESSIVE;
				CLANG_WARN_UNREACHABLE_CODE = YES;
				CLANG_WARN__DUPLICATE_METHOD_MATCH = YES;
				COPY_PHASE_STRIP = NO;
				DEBUG_INFORMATION_FORMAT = "dwarf-with-dsym";
				ENABLE_NS_ASSERTIONS = NO;
				ENABLE_STRICT_OBJC_MSGSEND = YES;
				ENABLE_USER_SCRIPT_SANDBOXING = YES;
				GCC_C_LANGUAGE_STANDARD = gnu17;
				GCC_NO_COMMON_BLOCKS = YES;
				GCC_WARN_64_TO_32_BIT_CONVERSION = YES;
				GCC_WARN_ABOUT_RETURN_TYPE = YES_ERROR;
				GCC_WARN_UNDECLARED_SELECTOR = YES;
				GCC_WARN_UNINITIALIZED_AUTOS = YES_AGGRESSIVE;
				GCC_WARN_UNUSED_FUNCTION = YES;
				GCC_WARN_UNUSED_VARIABLE = YES;
				IPHONEOS_DEPLOYMENT_TARGET = 16;
				LOCALIZATION_PREFERS_STRING_CATALOGS = YES;
				MTL_ENABLE_DEBUG_INFO = NO;
				MTL_FAST_MATH = YES;
				SDKROOT = iphoneos;
				SWIFT_COMPILATION_MODE = wholemodule;
				VALIDATE_PRODUCT = YES;
			};
			name = Release;
		};
		F43AAE232D40CCB200E71F4E /* Debug */ = {
			isa = XCBuildConfiguration;
			buildSettings = {
				ASSETCATALOG_COMPILER_APPICON_NAME = AppIcon;
				ASSETCATALOG_COMPILER_GLOBAL_ACCENT_COLOR_NAME = AccentColor;
				CODE_SIGN_STYLE = Automatic;
				CURRENT_PROJECT_VERSION = 1;
				DEVELOPMENT_ASSET_PATHS = "\"MVVM-Base-Architecture/Preview Content\"";
				DEVELOPMENT_TEAM = G6A84U52VG;
				ENABLE_PREVIEWS = YES;
				GENERATE_INFOPLIST_FILE = YES;
				INFOPLIST_KEY_UIApplicationSceneManifest_Generation = YES;
				INFOPLIST_KEY_UIApplicationSupportsIndirectInputEvents = YES;
				INFOPLIST_KEY_UILaunchScreen_Generation = YES;
				INFOPLIST_KEY_UISupportedInterfaceOrientations_iPad = "UIInterfaceOrientationPortrait UIInterfaceOrientationPortraitUpsideDown UIInterfaceOrientationLandscapeLeft UIInterfaceOrientationLandscapeRight";
				INFOPLIST_KEY_UISupportedInterfaceOrientations_iPhone = "UIInterfaceOrientationPortrait UIInterfaceOrientationLandscapeLeft UIInterfaceOrientationLandscapeRight";
				LD_RUNPATH_SEARCH_PATHS = (
					"$(inherited)",
					"@executable_path/Frameworks",
				);
				MARKETING_VERSION = 1.0;
				PRODUCT_BUNDLE_IDENTIFIER = "com.thinkitive.MVVM-Base-Architecture";
				PRODUCT_NAME = "$(TARGET_NAME)";
				SWIFT_EMIT_LOC_STRINGS = YES;
				SWIFT_VERSION = 5.0;
				TARGETED_DEVICE_FAMILY = "1,2";
			};
			name = Debug;
		};
		F43AAE242D40CCB200E71F4E /* Release */ = {
			isa = XCBuildConfiguration;
			buildSettings = {
				ASSETCATALOG_COMPILER_APPICON_NAME = AppIcon;
				ASSETCATALOG_COMPILER_GLOBAL_ACCENT_COLOR_NAME = AccentColor;
				CODE_SIGN_STYLE = Automatic;
				CURRENT_PROJECT_VERSION = 1;
				DEVELOPMENT_ASSET_PATHS = "\"MVVM-Base-Architecture/Preview Content\"";
				DEVELOPMENT_TEAM = G6A84U52VG;
				ENABLE_PREVIEWS = YES;
				GENERATE_INFOPLIST_FILE = YES;
				INFOPLIST_KEY_UIApplicationSceneManifest_Generation = YES;
				INFOPLIST_KEY_UIApplicationSupportsIndirectInputEvents = YES;
				INFOPLIST_KEY_UILaunchScreen_Generation = YES;
				INFOPLIST_KEY_UISupportedInterfaceOrientations_iPad = "UIInterfaceOrientationPortrait UIInterfaceOrientationPortraitUpsideDown UIInterfaceOrientationLandscapeLeft UIInterfaceOrientationLandscapeRight";
				INFOPLIST_KEY_UISupportedInterfaceOrientations_iPhone = "UIInterfaceOrientationPortrait UIInterfaceOrientationLandscapeLeft UIInterfaceOrientationLandscapeRight";
				LD_RUNPATH_SEARCH_PATHS = (
					"$(inherited)",
					"@executable_path/Frameworks",
				);
				MARKETING_VERSION = 1.0;
				PRODUCT_BUNDLE_IDENTIFIER = "com.thinkitive.MVVM-Base-Architecture";
				PRODUCT_NAME = "$(TARGET_NAME)";
				SWIFT_EMIT_LOC_STRINGS = YES;
				SWIFT_VERSION = 5.0;
				TARGETED_DEVICE_FAMILY = "1,2";
			};
			name = Release;
		};
/* End XCBuildConfiguration section */

/* Begin XCConfigurationList section */
		F43AAE0F2D40CCB100E71F4E /* Build configuration list for PBXProject "MVVM-Base-Architecture" */ = {
			isa = XCConfigurationList;
			buildConfigurations = (
				F43AAE202D40CCB200E71F4E /* Debug */,
				F43AAE212D40CCB200E71F4E /* Release */,
			);
			defaultConfigurationIsVisible = 0;
			defaultConfigurationName = Release;
		};
		F43AAE222D40CCB200E71F4E /* Build configuration list for PBXNativeTarget "MVVM-Base-Architecture" */ = {
			isa = XCConfigurationList;
			buildConfigurations = (
				F43AAE232D40CCB200E71F4E /* Debug */,
				F43AAE242D40CCB200E71F4E /* Release */,
			);
			defaultConfigurationIsVisible = 0;
			defaultConfigurationName = Release;
		};
/* End XCConfigurationList section */
	};
	rootObject = F43AAE0C2D40CCB100E71F4E /* Project object */;
}
